{
  "name": "miniprogram",
  "version": "1.0.0",
  "lockfileVersion": 1,
  "requires": true,
  "dependencies": {
    "lin-ui": {
      "version": "0.5.4",
      "resolved": "https://registry.npmjs.org/lin-ui/-/lin-ui-0.5.4.tgz",
      "integrity": "sha512-O6nwq6+8+6I9oHHn1oxn/tRVArGT+R5uZcEfIjjv7UMnjJVD3eOSn3Q+nx2zdh+WoHb6xZ9RadBrt2/CwXkV3g=="
    }
  }
}
